
Microsoft Visual Studio Solution File, Format Version 12.00
# Visual Studio Version 16
VisualStudioVersion = 16.0.30517.126
MinimumVisualStudioVersion = 10.0.40219.1
Project("{2150E333-8FDC-42A3-9474-1A3956D46DE8}") = "Solution Items", "Solution Items", "{ED49FB77-9879-4A8C-84AE-2775B86304D7}"
	ProjectSection(SolutionItems) = preProject
		README.md = README.md
	EndProjectSection
EndProject
Project("{2150E333-8FDC-42A3-9474-1A3956D46DE8}") = "src", "src", "{C5630092-DF7B-409F-999B-AB280FFD3E4F}"
EndProject
Project("{2150E333-8FDC-42A3-9474-1A3956D46DE8}") = "ApiGateways", "ApiGateways", "{3928B2AF-E9DC-4455-A1AC-7F76B7F5BA36}"
EndProject
Project("{2150E333-8FDC-42A3-9474-1A3956D46DE8}") = "CoreServices", "CoreServices", "{D3BED1B6-0FEB-4D4B-973A-8CAD024FC0B9}"
EndProject
Project("{2150E333-8FDC-42A3-9474-1A3956D46DE8}") = "01.Services.Common", "01.Services.Common", "{C750E3FD-385B-4BC8-98E0-571D7DF31CB4}"
EndProject
Project("{2150E333-8FDC-42A3-9474-1A3956D46DE8}") = "02.EventBus.Common", "02.EventBus.Common", "{81DDA386-7A73-499F-933D-F6B2E1D20511}"
EndProject
Project("{2150E333-8FDC-42A3-9474-1A3956D46DE8}") = "03.BackgroundJobs.Common", "03.BackgroundJobs.Common", "{D7A858BA-6481-46FB-8621-3EEF710EC39F}"
EndProject
Project("{2150E333-8FDC-42A3-9474-1A3956D46DE8}") = "05.Database.Common", "05.Database.Common", "{367D85F4-B651-4FD3-BC9E-E28D3B74013F}"
EndProject
Project("{9A19103F-16F7-4668-BE54-9A1E7A4F7556}") = "Services.Common", "src\CoreServices\01.Services.Common\Services.Common\Services.Common.csproj", "{4F23B775-BB29-4440-B662-97E6B21F66AC}"
EndProject
Project("{9A19103F-16F7-4668-BE54-9A1E7A4F7556}") = "Services.Common.APIs", "src\CoreServices\01.Services.Common\Services.Common.APIs\Services.Common.APIs.csproj", "{AF5A45A8-25C1-4BED-B158-BBB6462743BC}"
EndProject
Project("{9A19103F-16F7-4668-BE54-9A1E7A4F7556}") = "Dapper.Common", "src\CoreServices\05.Database.Common\Dapper.Common\Dapper.Common.csproj", "{73BFE5AE-B64E-486B-A515-C51261CDFECB}"
EndProject
Project("{9A19103F-16F7-4668-BE54-9A1E7A4F7556}") = "MongoDb.Common", "src\CoreServices\05.Database.Common\MongoDb.Common\MongoDb.Common.csproj", "{48D23838-8A89-4FA2-947E-E9C8BBF96D91}"
EndProject
Project("{9A19103F-16F7-4668-BE54-9A1E7A4F7556}") = "Web.Aggregator", "src\ApiGateways\Web.Aggregator\Web.Aggregator.csproj", "{5CB8F114-A0CD-4851-BDE4-CB9C907D332A}"
EndProject
Project("{2150E333-8FDC-42A3-9474-1A3956D46DE8}") = "07.Caching.Common", "07.Caching.Common", "{EA449AD5-D6ED-4C22-9130-B7E6CFBE1846}"
EndProject
Project("{9A19103F-16F7-4668-BE54-9A1E7A4F7556}") = "Hangfire.Job", "src\CoreServices\03.BackgroundJobs.Common\Hangfire.Job\Hangfire.Job.csproj", "{A6F36080-B663-4A0D-93F9-E03464C08CEA}"
EndProject
Project("{9A19103F-16F7-4668-BE54-9A1E7A4F7556}") = "Services.Common.HttpDetection", "src\CoreServices\01.Services.Common\Services.Common.HttpDetection\Services.Common.HttpDetection.csproj", "{CEB67306-1E9D-4366-8245-724255A4C086}"
EndProject
Project("{9A19103F-16F7-4668-BE54-9A1E7A4F7556}") = "EFCore.Common", "src\CoreServices\05.Database.Common\EFCore.Common\EFCore.Common\EFCore.Common.csproj", "{D21F63A4-2652-4EE9-B44F-7ECBBC7BD57E}"
EndProject
Project("{9A19103F-16F7-4668-BE54-9A1E7A4F7556}") = "Caching.StackExchangeRedis", "src\CoreServices\07.Caching.Common\Caching.StackExchangeRedis\Caching.StackExchangeRedis.csproj", "{EBFF2281-6BB5-4650-9283-77BE4EB889E9}"
EndProject
Project("{2150E333-8FDC-42A3-9474-1A3956D46DE8}") = "09.Mail", "09.Mail", "{9F979289-98E7-41A9-A985-CFE2C6907B94}"
EndProject
Project("{9A19103F-16F7-4668-BE54-9A1E7A4F7556}") = "MailKit.Common", "src\CoreServices\09.Mail\MailKit.Common\MailKit.Common.csproj", "{2685613E-9EE4-4939-A91C-915E2D2478D5}"
EndProject
Project("{9A19103F-16F7-4668-BE54-9A1E7A4F7556}") = "Services.Common.ApplicationService", "src\CoreServices\01.Services.Common\Services.Common.ApplicationService\Services.Common.ApplicationService.csproj", "{C6529258-1E23-47BE-BE59-86FFAC206FAA}"
EndProject
Project("{2150E333-8FDC-42A3-9474-1A3956D46DE8}") = "06.IO.Common", "06.IO.Common", "{523130B5-4E6C-4CAE-9D87-3A1CFAE4A1F1}"
EndProject
Project("{9A19103F-16F7-4668-BE54-9A1E7A4F7556}") = "Data.IO", "src\CoreServices\06.IO.Common\Data.IO\Data.IO.csproj", "{CC2A74ED-042F-4760-906A-B5C5728A7DD4}"
EndProject
Project("{2150E333-8FDC-42A3-9474-1A3956D46DE8}") = "10.Notification", "10.Notification", "{7D518AC7-D022-4D23-89F2-9748A988AE93}"
EndProject
Project("{9A19103F-16F7-4668-BE54-9A1E7A4F7556}") = "Notification.OneSignal", "src\CoreServices\10.Notification\Notification.OneSignal\Notification.OneSignal.csproj", "{7D57EE19-2A32-4580-98F7-76B9E66C0486}"
EndProject
Project("{2150E333-8FDC-42A3-9474-1A3956D46DE8}") = "11.Audit", "11.Audit", "{E8FBDEEB-3CDB-43A7-B92A-9F8AC297AB40}"
EndProject
Project("{9A19103F-16F7-4668-BE54-9A1E7A4F7556}") = "EfCore.Audit", "src\CoreServices\11.Audit\EfCore.Audit\EfCore.Audit.csproj", "{A1A9F30C-F0E9-4AAA-8392-50506BC301A5}"
EndProject
Project("{2150E333-8FDC-42A3-9474-1A3956D46DE8}") = "Services", "Services", "{06C84162-ADCA-418D-9063-6013BBCFBECD}"
EndProject
Project("{2150E333-8FDC-42A3-9474-1A3956D46DE8}") = "Tests", "Tests", "{24DF1474-509E-4FFE-A86A-1281B25E2E30}"
EndProject
Project("{9A19103F-16F7-4668-BE54-9A1E7A4F7556}") = "Services.Common.SignalRCore", "src\CoreServices\01.Services.Common\Services.Common.SignalRCore\Services.Common.SignalRCore.csproj", "{84F7F51A-5538-4C62-AE9D-74B477F47FB0}"
EndProject
Project("{9A19103F-16F7-4668-BE54-9A1E7A4F7556}") = "EventBus.CAP", "src\CoreServices\02.EventBus.Common\EventBus.CAP\EventBus.CAP.csproj", "{B9814B47-308E-44EE-9CD2-3C6CB5D2F77F}"
EndProject
Project("{2150E333-8FDC-42A3-9474-1A3956D46DE8}") = "Web", "Web", "{D886F0C4-AFED-4F7B-B95E-5CC05E5FFB17}"
EndProject
Project("{9A19103F-16F7-4668-BE54-9A1E7A4F7556}") = "WebStatus", "src\Web\WebStatus\WebStatus.csproj", "{9788C8C2-BFCA-4234-B814-BAD4CAF258D3}"
EndProject
Project("{9A19103F-16F7-4668-BE54-9A1E7A4F7556}") = "Audit.Common", "src\CoreServices\11.Audit\Audit.Common\Audit.Common.csproj", "{B9BD422B-3C99-411E-A3B9-02A871C57065}"
EndProject
Project("{2150E333-8FDC-42A3-9474-1A3956D46DE8}") = "HCMTAX", "HCMTAX", "{511CA996-40D1-48AE-A607-CE66901E7909}"
EndProject
Project("{FAE04EC0-301F-11D3-BF4B-00C04F79EFBC}") = "HCMTAX.API", "src\Services\HCMTAX\HCMTAX.API\HCMTAX.API.csproj", "{00784099-E54A-4A25-AB29-53918631F249}"
EndProject
Project("{FAE04EC0-301F-11D3-BF4B-00C04F79EFBC}") = "HCMTAX.API.Tests", "src\Tests\HCMTAX.API.Tests\HCMTAX.API.Tests.csproj", "{BEA0729E-B2E0-42C0-873F-550D5331BE8B}"
EndProject
Global
	GlobalSection(SolutionConfigurationPlatforms) = preSolution
		Debug|Any CPU = Debug|Any CPU
		Release|Any CPU = Release|Any CPU
	EndGlobalSection
	GlobalSection(ProjectConfigurationPlatforms) = postSolution
		{4F23B775-BB29-4440-B662-97E6B21F66AC}.Debug|Any CPU.ActiveCfg = Debug|Any CPU
		{4F23B775-BB29-4440-B662-97E6B21F66AC}.Debug|Any CPU.Build.0 = Debug|Any CPU
		{4F23B775-BB29-4440-B662-97E6B21F66AC}.Release|Any CPU.ActiveCfg = Release|Any CPU
		{4F23B775-BB29-4440-B662-97E6B21F66AC}.Release|Any CPU.Build.0 = Release|Any CPU
		{AF5A45A8-25C1-4BED-B158-BBB6462743BC}.Debug|Any CPU.ActiveCfg = Debug|Any CPU
		{AF5A45A8-25C1-4BED-B158-BBB6462743BC}.Debug|Any CPU.Build.0 = Debug|Any CPU
		{AF5A45A8-25C1-4BED-B158-BBB6462743BC}.Release|Any CPU.ActiveCfg = Release|Any CPU
		{AF5A45A8-25C1-4BED-B158-BBB6462743BC}.Release|Any CPU.Build.0 = Release|Any CPU
		{73BFE5AE-B64E-486B-A515-C51261CDFECB}.Debug|Any CPU.ActiveCfg = Debug|Any CPU
		{73BFE5AE-B64E-486B-A515-C51261CDFECB}.Debug|Any CPU.Build.0 = Debug|Any CPU
		{73BFE5AE-B64E-486B-A515-C51261CDFECB}.Release|Any CPU.ActiveCfg = Release|Any CPU
		{73BFE5AE-B64E-486B-A515-C51261CDFECB}.Release|Any CPU.Build.0 = Release|Any CPU
		{48D23838-8A89-4FA2-947E-E9C8BBF96D91}.Debug|Any CPU.ActiveCfg = Debug|Any CPU
		{48D23838-8A89-4FA2-947E-E9C8BBF96D91}.Debug|Any CPU.Build.0 = Debug|Any CPU
		{48D23838-8A89-4FA2-947E-E9C8BBF96D91}.Release|Any CPU.ActiveCfg = Release|Any CPU
		{48D23838-8A89-4FA2-947E-E9C8BBF96D91}.Release|Any CPU.Build.0 = Release|Any CPU
		{5CB8F114-A0CD-4851-BDE4-CB9C907D332A}.Debug|Any CPU.ActiveCfg = Debug|Any CPU
		{5CB8F114-A0CD-4851-BDE4-CB9C907D332A}.Debug|Any CPU.Build.0 = Debug|Any CPU
		{5CB8F114-A0CD-4851-BDE4-CB9C907D332A}.Release|Any CPU.ActiveCfg = Release|Any CPU
		{5CB8F114-A0CD-4851-BDE4-CB9C907D332A}.Release|Any CPU.Build.0 = Release|Any CPU
		{A6F36080-B663-4A0D-93F9-E03464C08CEA}.Debug|Any CPU.ActiveCfg = Debug|Any CPU
		{A6F36080-B663-4A0D-93F9-E03464C08CEA}.Debug|Any CPU.Build.0 = Debug|Any CPU
		{A6F36080-B663-4A0D-93F9-E03464C08CEA}.Release|Any CPU.ActiveCfg = Release|Any CPU
		{A6F36080-B663-4A0D-93F9-E03464C08CEA}.Release|Any CPU.Build.0 = Release|Any CPU
		{CEB67306-1E9D-4366-8245-724255A4C086}.Debug|Any CPU.ActiveCfg = Debug|Any CPU
		{CEB67306-1E9D-4366-8245-724255A4C086}.Debug|Any CPU.Build.0 = Debug|Any CPU
		{CEB67306-1E9D-4366-8245-724255A4C086}.Release|Any CPU.ActiveCfg = Release|Any CPU
		{CEB67306-1E9D-4366-8245-724255A4C086}.Release|Any CPU.Build.0 = Release|Any CPU
		{D21F63A4-2652-4EE9-B44F-7ECBBC7BD57E}.Debug|Any CPU.ActiveCfg = Debug|Any CPU
		{D21F63A4-2652-4EE9-B44F-7ECBBC7BD57E}.Debug|Any CPU.Build.0 = Debug|Any CPU
		{D21F63A4-2652-4EE9-B44F-7ECBBC7BD57E}.Release|Any CPU.ActiveCfg = Release|Any CPU
		{D21F63A4-2652-4EE9-B44F-7ECBBC7BD57E}.Release|Any CPU.Build.0 = Release|Any CPU
		{EBFF2281-6BB5-4650-9283-77BE4EB889E9}.Debug|Any CPU.ActiveCfg = Debug|Any CPU
		{EBFF2281-6BB5-4650-9283-77BE4EB889E9}.Debug|Any CPU.Build.0 = Debug|Any CPU
		{EBFF2281-6BB5-4650-9283-77BE4EB889E9}.Release|Any CPU.ActiveCfg = Release|Any CPU
		{EBFF2281-6BB5-4650-9283-77BE4EB889E9}.Release|Any CPU.Build.0 = Release|Any CPU
		{2685613E-9EE4-4939-A91C-915E2D2478D5}.Debug|Any CPU.ActiveCfg = Debug|Any CPU
		{2685613E-9EE4-4939-A91C-915E2D2478D5}.Debug|Any CPU.Build.0 = Debug|Any CPU
		{2685613E-9EE4-4939-A91C-915E2D2478D5}.Release|Any CPU.ActiveCfg = Release|Any CPU
		{2685613E-9EE4-4939-A91C-915E2D2478D5}.Release|Any CPU.Build.0 = Release|Any CPU
		{C6529258-1E23-47BE-BE59-86FFAC206FAA}.Debug|Any CPU.ActiveCfg = Debug|Any CPU
		{C6529258-1E23-47BE-BE59-86FFAC206FAA}.Debug|Any CPU.Build.0 = Debug|Any CPU
		{C6529258-1E23-47BE-BE59-86FFAC206FAA}.Release|Any CPU.ActiveCfg = Release|Any CPU
		{C6529258-1E23-47BE-BE59-86FFAC206FAA}.Release|Any CPU.Build.0 = Release|Any CPU
		{CC2A74ED-042F-4760-906A-B5C5728A7DD4}.Debug|Any CPU.ActiveCfg = Debug|Any CPU
		{CC2A74ED-042F-4760-906A-B5C5728A7DD4}.Debug|Any CPU.Build.0 = Debug|Any CPU
		{CC2A74ED-042F-4760-906A-B5C5728A7DD4}.Release|Any CPU.ActiveCfg = Release|Any CPU
		{CC2A74ED-042F-4760-906A-B5C5728A7DD4}.Release|Any CPU.Build.0 = Release|Any CPU
		{7D57EE19-2A32-4580-98F7-76B9E66C0486}.Debug|Any CPU.ActiveCfg = Debug|Any CPU
		{7D57EE19-2A32-4580-98F7-76B9E66C0486}.Debug|Any CPU.Build.0 = Debug|Any CPU
		{7D57EE19-2A32-4580-98F7-76B9E66C0486}.Release|Any CPU.ActiveCfg = Release|Any CPU
		{7D57EE19-2A32-4580-98F7-76B9E66C0486}.Release|Any CPU.Build.0 = Release|Any CPU
		{A1A9F30C-F0E9-4AAA-8392-50506BC301A5}.Debug|Any CPU.ActiveCfg = Debug|Any CPU
		{A1A9F30C-F0E9-4AAA-8392-50506BC301A5}.Debug|Any CPU.Build.0 = Debug|Any CPU
		{A1A9F30C-F0E9-4AAA-8392-50506BC301A5}.Release|Any CPU.ActiveCfg = Release|Any CPU
		{A1A9F30C-F0E9-4AAA-8392-50506BC301A5}.Release|Any CPU.Build.0 = Release|Any CPU
		{84F7F51A-5538-4C62-AE9D-74B477F47FB0}.Debug|Any CPU.ActiveCfg = Debug|Any CPU
		{84F7F51A-5538-4C62-AE9D-74B477F47FB0}.Debug|Any CPU.Build.0 = Debug|Any CPU
		{84F7F51A-5538-4C62-AE9D-74B477F47FB0}.Release|Any CPU.ActiveCfg = Release|Any CPU
		{84F7F51A-5538-4C62-AE9D-74B477F47FB0}.Release|Any CPU.Build.0 = Release|Any CPU
		{B9814B47-308E-44EE-9CD2-3C6CB5D2F77F}.Debug|Any CPU.ActiveCfg = Debug|Any CPU
		{B9814B47-308E-44EE-9CD2-3C6CB5D2F77F}.Debug|Any CPU.Build.0 = Debug|Any CPU
		{B9814B47-308E-44EE-9CD2-3C6CB5D2F77F}.Release|Any CPU.ActiveCfg = Release|Any CPU
		{B9814B47-308E-44EE-9CD2-3C6CB5D2F77F}.Release|Any CPU.Build.0 = Release|Any CPU
		{9788C8C2-BFCA-4234-B814-BAD4CAF258D3}.Debug|Any CPU.ActiveCfg = Debug|Any CPU
		{9788C8C2-BFCA-4234-B814-BAD4CAF258D3}.Debug|Any CPU.Build.0 = Debug|Any CPU
		{9788C8C2-BFCA-4234-B814-BAD4CAF258D3}.Release|Any CPU.ActiveCfg = Release|Any CPU
		{9788C8C2-BFCA-4234-B814-BAD4CAF258D3}.Release|Any CPU.Build.0 = Release|Any CPU
		{B9BD422B-3C99-411E-A3B9-02A871C57065}.Debug|Any CPU.ActiveCfg = Debug|Any CPU
		{B9BD422B-3C99-411E-A3B9-02A871C57065}.Debug|Any CPU.Build.0 = Debug|Any CPU
		{B9BD422B-3C99-411E-A3B9-02A871C57065}.Release|Any CPU.ActiveCfg = Release|Any CPU
		{B9BD422B-3C99-411E-A3B9-02A871C57065}.Release|Any CPU.Build.0 = Release|Any CPU
		{00784099-E54A-4A25-AB29-53918631F249}.Debug|Any CPU.ActiveCfg = Debug|Any CPU
		{00784099-E54A-4A25-AB29-53918631F249}.Debug|Any CPU.Build.0 = Debug|Any CPU
		{00784099-E54A-4A25-AB29-53918631F249}.Release|Any CPU.ActiveCfg = Release|Any CPU
		{00784099-E54A-4A25-AB29-53918631F249}.Release|Any CPU.Build.0 = Release|Any CPU
		{BEA0729E-B2E0-42C0-873F-550D5331BE8B}.Debug|Any CPU.ActiveCfg = Debug|Any CPU
		{BEA0729E-B2E0-42C0-873F-550D5331BE8B}.Debug|Any CPU.Build.0 = Debug|Any CPU
		{BEA0729E-B2E0-42C0-873F-550D5331BE8B}.Release|Any CPU.ActiveCfg = Release|Any CPU
		{BEA0729E-B2E0-42C0-873F-550D5331BE8B}.Release|Any CPU.Build.0 = Release|Any CPU
	EndGlobalSection
	GlobalSection(SolutionProperties) = preSolution
		HideSolutionNode = FALSE
	EndGlobalSection
	GlobalSection(NestedProjects) = preSolution
		{3928B2AF-E9DC-4455-A1AC-7F76B7F5BA36} = {C5630092-DF7B-409F-999B-AB280FFD3E4F}
		{D3BED1B6-0FEB-4D4B-973A-8CAD024FC0B9} = {C5630092-DF7B-409F-999B-AB280FFD3E4F}
		{C750E3FD-385B-4BC8-98E0-571D7DF31CB4} = {D3BED1B6-0FEB-4D4B-973A-8CAD024FC0B9}
		{81DDA386-7A73-499F-933D-F6B2E1D20511} = {D3BED1B6-0FEB-4D4B-973A-8CAD024FC0B9}
		{D7A858BA-6481-46FB-8621-3EEF710EC39F} = {D3BED1B6-0FEB-4D4B-973A-8CAD024FC0B9}
		{367D85F4-B651-4FD3-BC9E-E28D3B74013F} = {D3BED1B6-0FEB-4D4B-973A-8CAD024FC0B9}
		{4F23B775-BB29-4440-B662-97E6B21F66AC} = {C750E3FD-385B-4BC8-98E0-571D7DF31CB4}
		{AF5A45A8-25C1-4BED-B158-BBB6462743BC} = {C750E3FD-385B-4BC8-98E0-571D7DF31CB4}
		{73BFE5AE-B64E-486B-A515-C51261CDFECB} = {367D85F4-B651-4FD3-BC9E-E28D3B74013F}
		{48D23838-8A89-4FA2-947E-E9C8BBF96D91} = {367D85F4-B651-4FD3-BC9E-E28D3B74013F}
		{5CB8F114-A0CD-4851-BDE4-CB9C907D332A} = {3928B2AF-E9DC-4455-A1AC-7F76B7F5BA36}
		{EA449AD5-D6ED-4C22-9130-B7E6CFBE1846} = {D3BED1B6-0FEB-4D4B-973A-8CAD024FC0B9}
		{A6F36080-B663-4A0D-93F9-E03464C08CEA} = {D7A858BA-6481-46FB-8621-3EEF710EC39F}
		{CEB67306-1E9D-4366-8245-724255A4C086} = {C750E3FD-385B-4BC8-98E0-571D7DF31CB4}
		{D21F63A4-2652-4EE9-B44F-7ECBBC7BD57E} = {367D85F4-B651-4FD3-BC9E-E28D3B74013F}
		{EBFF2281-6BB5-4650-9283-77BE4EB889E9} = {EA449AD5-D6ED-4C22-9130-B7E6CFBE1846}
		{9F979289-98E7-41A9-A985-CFE2C6907B94} = {D3BED1B6-0FEB-4D4B-973A-8CAD024FC0B9}
		{2685613E-9EE4-4939-A91C-915E2D2478D5} = {9F979289-98E7-41A9-A985-CFE2C6907B94}
		{C6529258-1E23-47BE-BE59-86FFAC206FAA} = {C750E3FD-385B-4BC8-98E0-571D7DF31CB4}
		{523130B5-4E6C-4CAE-9D87-3A1CFAE4A1F1} = {D3BED1B6-0FEB-4D4B-973A-8CAD024FC0B9}
		{CC2A74ED-042F-4760-906A-B5C5728A7DD4} = {523130B5-4E6C-4CAE-9D87-3A1CFAE4A1F1}
		{7D518AC7-D022-4D23-89F2-9748A988AE93} = {D3BED1B6-0FEB-4D4B-973A-8CAD024FC0B9}
		{7D57EE19-2A32-4580-98F7-76B9E66C0486} = {7D518AC7-D022-4D23-89F2-9748A988AE93}
		{E8FBDEEB-3CDB-43A7-B92A-9F8AC297AB40} = {D3BED1B6-0FEB-4D4B-973A-8CAD024FC0B9}
		{A1A9F30C-F0E9-4AAA-8392-50506BC301A5} = {E8FBDEEB-3CDB-43A7-B92A-9F8AC297AB40}
		{06C84162-ADCA-418D-9063-6013BBCFBECD} = {C5630092-DF7B-409F-999B-AB280FFD3E4F}
		{24DF1474-509E-4FFE-A86A-1281B25E2E30} = {C5630092-DF7B-409F-999B-AB280FFD3E4F}
		{84F7F51A-5538-4C62-AE9D-74B477F47FB0} = {C750E3FD-385B-4BC8-98E0-571D7DF31CB4}
		{B9814B47-308E-44EE-9CD2-3C6CB5D2F77F} = {81DDA386-7A73-499F-933D-F6B2E1D20511}
		{D886F0C4-AFED-4F7B-B95E-5CC05E5FFB17} = {C5630092-DF7B-409F-999B-AB280FFD3E4F}
		{9788C8C2-BFCA-4234-B814-BAD4CAF258D3} = {D886F0C4-AFED-4F7B-B95E-5CC05E5FFB17}
		{B9BD422B-3C99-411E-A3B9-02A871C57065} = {E8FBDEEB-3CDB-43A7-B92A-9F8AC297AB40}
		{511CA996-40D1-48AE-A607-CE66901E7909} = {06C84162-ADCA-418D-9063-6013BBCFBECD}
		{00784099-E54A-4A25-AB29-53918631F249} = {511CA996-40D1-48AE-A607-CE66901E7909}
		{BEA0729E-B2E0-42C0-873F-550D5331BE8B} = {24DF1474-509E-4FFE-A86A-1281B25E2E30}
	EndGlobalSection
	GlobalSection(ExtensibilityGlobals) = postSolution
		SolutionGuid = {0EA77246-61BC-437B-B7BF-D0A34E35F149}
	EndGlobalSection
EndGlobal
